{
  "version": "2",
  "remote": {
    "https://cdn.skypack.dev/-/cosmokit@v1.3.3-LFBi7QRkVpqsIkYgsPAk/dist=es2019,mode=imports/optimized/cosmokit.js": "fecde9bab48718bacac3b246d0383a09ccb407f19b72deb0555a1a90a18e6a04",
    "https://cdn.skypack.dev/-/cosmokit@v1.3.3-LFBi7QRkVpqsIkYgsPAk/dist=es2019,mode=types/lib/index.d.ts": "45a74b418643019aa0200d149f2ea82e63ee2074a6c9f85120c23451ef07ec59",
    "https://cdn.skypack.dev/cosmokit@^1.3.3?dts": "9bb6fe872a2d451c4c0944e5016bcec3ad018788fe1c4cb9057cdbb594ff6c80",
    "https://deno.land/std@0.164.0/_util/asserts.ts": "d0844e9b62510f89ce1f9878b046f6a57bf88f208a10304aab50efcb48365272",
    "https://deno.land/std@0.164.0/_util/os.ts": "8a33345f74990e627b9dfe2de9b040004b08ea5146c7c9e8fe9a29070d193934",
    "https://deno.land/std@0.164.0/async/abortable.ts": "87aa7230be8360c24ad437212311c9e8d4328854baec27b4c7abb26e85515c06",
    "https://deno.land/std@0.164.0/async/deadline.ts": "48ac998d7564969f3e6ec6b6f9bf0217ebd00239b1b2292feba61272d5dd58d0",
    "https://deno.land/std@0.164.0/async/debounce.ts": "dc8b92d4a4fe7eac32c924f2b8d3e62112530db70cadce27042689d82970b350",
    "https://deno.land/std@0.164.0/async/deferred.ts": "d8fb253ffde2a056e4889ef7e90f3928f28be9f9294b6505773d33f136aab4e6",
    "https://deno.land/std@0.164.0/async/delay.ts": "0419dfc993752849692d1f9647edf13407c7facc3509b099381be99ffbc9d699",
    "https://deno.land/std@0.164.0/async/mod.ts": "dd0a8ed4f3984ffabe2fcca7c9f466b7932d57b1864ffee148a5d5388316db6b",
    "https://deno.land/std@0.164.0/async/mux_async_iterator.ts": "3447b28a2a582224a3d4d3596bccbba6e85040da3b97ed64012f7decce98d093",
    "https://deno.land/std@0.164.0/async/pool.ts": "ef9eb97b388543acbf0ac32647121e4dbe629236899586c4d4311a8770fbb239",
    "https://deno.land/std@0.164.0/async/tee.ts": "9af3a3e7612af75861308b52249e167f5ebc3dcfc8a1a4d45462d96606ee2b70",
    "https://deno.land/std@0.164.0/encoding/base64.ts": "c57868ca7fa2fbe919f57f88a623ad34e3d970d675bdc1ff3a9d02bba7409db2",
    "https://deno.land/std@0.164.0/fs/_util.ts": "fdc156f897197f261a1c096dcf8ff9267ed0ff42bd5b31f55053a4763a4bae3b",
    "https://deno.land/std@0.164.0/fs/copy.ts": "37ad2d3390a672a34baf7d16a8623238906a1ee9b2c5fffc8efaa97810f4e6a9",
    "https://deno.land/std@0.164.0/fs/empty_dir.ts": "c15a0aaaf40f8c21cca902aa1e01a789ad0c2fd1b7e2eecf4957053c5dbf707f",
    "https://deno.land/std@0.164.0/fs/ensure_dir.ts": "76395fc1c989ca8d2de3aedfa8240eb8f5225cde20f926de957995b063135b80",
    "https://deno.land/std@0.164.0/fs/ensure_file.ts": "b8e32ea63aa21221d0219760ba3f741f682d7f7d68d0d24a3ec067c338568152",
    "https://deno.land/std@0.164.0/fs/ensure_link.ts": "5cc1c04f18487d7d1edf4c5469705f30b61390ffd24ad7db6df85e7209b32bb2",
    "https://deno.land/std@0.164.0/fs/ensure_symlink.ts": "5273557b8c50be69477aa9cb003b54ff2240a336db52a40851c97abce76b96ab",
    "https://deno.land/std@0.164.0/fs/eol.ts": "65b1e27320c3eec6fb653b27e20056ee3d015d3e91db388cfefa41616ebc7cb3",
    "https://deno.land/std@0.164.0/fs/exists.ts": "6a447912e49eb79cc640adacfbf4b0baf8e17ede6d5bed057062ce33c4fa0d68",
    "https://deno.land/std@0.164.0/fs/expand_glob.ts": "d08678afa768881b055bdfb5cebe4f089f8db4513a4d2b0bbe748f5870d77ce3",
    "https://deno.land/std@0.164.0/fs/mod.ts": "354a6f972ef4e00c4dd1f1339a8828ef0764c1c23d3c0010af3fcc025d8655b0",
    "https://deno.land/std@0.164.0/fs/move.ts": "6d7fa9da60dbc7a32dd7fdbc2ff812b745861213c8e92ba96dace0669b0c378c",
    "https://deno.land/std@0.164.0/fs/walk.ts": "0a754cc4696a15bdb175380a4b7deff3eb65be9768cb11d91a4138beee35c2d7",
    "https://deno.land/std@0.164.0/http/server.ts": "e99c1bee8a3f6571ee4cdeb2966efad465b8f6fe62bec1bdb59c1f007cc4d155",
    "https://deno.land/std@0.164.0/media_types/_util.ts": "ce9b4fc4ba1c447dafab619055e20fd88236ca6bdd7834a21f98bd193c3fbfa1",
    "https://deno.land/std@0.164.0/media_types/mod.ts": "74885352135624774b8cd164f3a9d866aac1e0dc3ccb5412e2a2d56ed4b1fc99",
    "https://deno.land/std@0.164.0/media_types/vendor/mime-db.v1.52.0.ts": "724cee25fa40f1a52d3937d6b4fbbfdd7791ff55e1b7ac08d9319d5632c7f5af",
    "https://deno.land/std@0.164.0/path/_constants.ts": "df1db3ffa6dd6d1252cc9617e5d72165cd2483df90e93833e13580687b6083c3",
    "https://deno.land/std@0.164.0/path/_interface.ts": "ee3b431a336b80cf445441109d089b70d87d5e248f4f90ff906820889ecf8d09",
    "https://deno.land/std@0.164.0/path/_util.ts": "d16be2a16e1204b65f9d0dfc54a9bc472cafe5f4a190b3c8471ec2016ccd1677",
    "https://deno.land/std@0.164.0/path/common.ts": "bee563630abd2d97f99d83c96c2fa0cca7cee103e8cb4e7699ec4d5db7bd2633",
    "https://deno.land/std@0.164.0/path/glob.ts": "cb5255638de1048973c3e69e420c77dc04f75755524cb3b2e160fe9277d939ee",
    "https://deno.land/std@0.164.0/path/mod.ts": "56fec03ad0ebd61b6ab39ddb9b0ddb4c4a5c9f2f4f632e09dd37ec9ebfd722ac",
    "https://deno.land/std@0.164.0/path/posix.ts": "6b63de7097e68c8663c84ccedc0fd977656eb134432d818ecd3a4e122638ac24",
    "https://deno.land/std@0.164.0/path/separator.ts": "fe1816cb765a8068afb3e8f13ad272351c85cbc739af56dacfc7d93d710fe0f9",
    "https://deno.land/std@0.164.0/path/win32.ts": "7cebd2bda6657371adc00061a1d23fdd87bcdf64b4843bb148b0b24c11b40f69",
    "https://deno.land/x/dnlibob@0.11.0/deps.ts": "3913609cde845eebbfe9cc47fe844a5ffe3651262d65fa80e85025c88a99c32a",
    "https://deno.land/x/dnlibob@0.11.0/mod.ts": "03da1844f17df7c9c4ea8b539e99809da6f3c70d0df53c140f9dcd6f6b6b3377",
    "https://deno.land/x/dnlibob@0.11.0/model/action/detail.ts": "0ef747da8d55f1f5b87d0439f149e4a30f009446ae3f9e4b649cf628b67ae673",
    "https://deno.land/x/dnlibob@0.11.0/model/action/mod.ts": "055bdf4b5e2a42227824688601c10674d54b94d5a8285c1a26123cfc77a0e2ce",
    "https://deno.land/x/dnlibob@0.11.0/model/event/detail.ts": "36fb223a972c21a909408a77ffdf46ef1b545bf357c6d6905dad902424930345",
    "https://deno.land/x/dnlibob@0.11.0/model/event/mod.ts": "547b78977ed6b605c7d508c8b676f7af52c42647487510b5ffae98b8f2e59e49",
    "https://deno.land/x/dnlibob@0.11.0/model/message/detail.ts": "8ba3b8df887cfad0ae6711f7404c502020c200cccb3ee0b0e6566656ce35eeaa",
    "https://deno.land/x/dnlibob@0.11.0/model/message/mod.ts": "c6a546490d0db7717172914051825510b1c68d867299ad35b6c3af4d7895dc5c",
    "https://deno.land/x/dnlibob@0.11.0/model/mod.ts": "216dfdad06c6f130fdc9746cede904945791309fc95c17dd2bbbc2639b9abfc4",
    "https://deno.land/x/dnlibob@0.11.0/model/resp/detail.ts": "7d34a89730b506eae1f138d78e3de54c1ed0d0c19abd9045b819ab0ae476567e",
    "https://deno.land/x/dnlibob@0.11.0/model/resp/mod.ts": "e0c6fbabb46d62014516d1915782bdc9552a13c74d3d7e0bf08850472b93b8c8",
    "https://deno.land/x/dnlibob@0.11.0/model/types.ts": "4b20c76d7e29afaaab45d4852a210cef71b9e5d84d2514bdd36332a3181ad2d4",
    "https://deno.land/x/dnlibob@0.11.0/obc/mod.ts": "5da0471fc24f71d7708281eb4319a26cf8be30e643cf87780b06bda4c642fd06",
    "https://deno.land/x/dnlibob@0.11.0/obc/ws.ts": "814cf2460c1ab35a7f9a29333bbbe20a611562c7c831b5f5a66a6eb6dbdd57a5",
    "https://deno.land/x/msgpackr@v1.8.0/index.d.ts": "500c18e9aa3c46ac806cc69b5c836f1b7d075d0fc990d6a3653fa16cded2078e",
    "https://deno.land/x/msgpackr@v1.8.0/index.js": "876a1a157bf214a09c3553a9bf2bfcd59ea5ba6cfaca86923d459c053c991643",
    "https://deno.land/x/msgpackr@v1.8.0/iterators.js": "ccff09b665e3aef7fd707883eec63241aa100ec7c1956d6f9fc4c902779525fd",
    "https://deno.land/x/msgpackr@v1.8.0/pack.js": "29c4fb8cde3e6250285dba5b3a1155b761ecb2c9b79ed800ccc1c7856a792f9b",
    "https://deno.land/x/msgpackr@v1.8.0/unpack.js": "1837a09217d36ad5a65dd0cad0e1d459aaca39d198b678c71b5857ccaa0fe11f",
    "https://deno.land/x/reggol_deno@1.3.1/mod.ts": "a7faa10d212360370cb6f979c3678ac243c64c77eba6397e2eb9f62a45d7adea"
  },
  "npm": {
    "specifiers": { "cosmokit@^1.3.3": "cosmokit@1.3.3" },
    "packages": {
      "cosmokit@1.3.3": {
        "integrity": "sha512-jpEp5zDrGbycu8AdaCjmNNr2J617NAFvAU6GM8o/dJP2/pe80qTbPoflqyJzAuMhiaC6QCXlBP0KCusTsDemPQ==",
        "dependencies": {}
      }
    }
  }
}
