{
  "version": "2",
  "remote": {
    "https://deno.land/std@0.171.0/_util/asserts.ts": "178dfc49a464aee693a7e285567b3d0b555dc805ff490505a8aae34f9cfb1462",
    "https://deno.land/std@0.171.0/_util/os.ts": "d932f56d41e4f6a6093d56044e29ce637f8dcc43c5a90af43504a889cf1775e3",
    "https://deno.land/std@0.171.0/async/abortable.ts": "73acfb3ed7261ce0d930dbe89e43db8d34e017b063cf0eaa7d215477bf53442e",
    "https://deno.land/std@0.171.0/async/deadline.ts": "b98e50d2c42399af03ad13bbb8cf59dadb9f0cd5d70648cc0c3b9202d75ab565",
    "https://deno.land/std@0.171.0/async/debounce.ts": "adab11d04ca38d699444ac8a9d9856b4155e8dda2afd07ce78276c01ea5a4332",
    "https://deno.land/std@0.171.0/async/deferred.ts": "42790112f36a75a57db4a96d33974a936deb7b04d25c6084a9fa8a49f135def8",
    "https://deno.land/std@0.171.0/async/delay.ts": "73aa04cec034c84fc748c7be49bb15cac3dd43a57174bfdb7a4aec22c248f0dd",
    "https://deno.land/std@0.171.0/async/mod.ts": "f04344fa21738e5ad6bea37a6bfffd57c617c2d372bb9f9dcfd118a1b622e576",
    "https://deno.land/std@0.171.0/async/mux_async_iterator.ts": "70c7f2ee4e9466161350473ad61cac0b9f115cff4c552eaa7ef9d50c4cbb4cc9",
    "https://deno.land/std@0.171.0/async/pool.ts": "fd082bd4aaf26445909889435a5c74334c017847842ec035739b4ae637ae8260",
    "https://deno.land/std@0.171.0/async/retry.ts": "5efa3ba450ac0c07a40a82e2df296287b5013755d232049efd7ea2244f15b20f",
    "https://deno.land/std@0.171.0/async/tee.ts": "47e42d35f622650b02234d43803d0383a89eb4387e1b83b5a40106d18ae36757",
    "https://deno.land/std@0.171.0/encoding/base64.ts": "7de04c2f8aeeb41453b09b186480be90f2ff357613b988e99fabb91d2eeceba1",
    "https://deno.land/std@0.171.0/fs/_util.ts": "65381f341af1ff7f40198cee15c20f59951ac26e51ddc651c5293e24f9ce6f32",
    "https://deno.land/std@0.171.0/fs/copy.ts": "14214efd94fc3aa6db1e4af2b4b9578e50f7362b7f3725d5a14ad259a5df26c8",
    "https://deno.land/std@0.171.0/fs/empty_dir.ts": "c3d2da4c7352fab1cf144a1ecfef58090769e8af633678e0f3fabaef98594688",
    "https://deno.land/std@0.171.0/fs/ensure_dir.ts": "724209875497a6b4628dfb256116e5651c4f7816741368d6c44aab2531a1e603",
    "https://deno.land/std@0.171.0/fs/ensure_file.ts": "c38602670bfaf259d86ca824a94e6cb9e5eb73757fefa4ebf43a90dd017d53d9",
    "https://deno.land/std@0.171.0/fs/ensure_link.ts": "c0f5b2f0ec094ed52b9128eccb1ee23362a617457aa0f699b145d4883f5b2fb4",
    "https://deno.land/std@0.171.0/fs/ensure_symlink.ts": "2955cc8332aeca9bdfefd05d8d3976b94e282b0f353392a71684808ed2ffdd41",
    "https://deno.land/std@0.171.0/fs/eol.ts": "f1f2eb348a750c34500741987b21d65607f352cf7205f48f4319d417fff42842",
    "https://deno.land/std@0.171.0/fs/exists.ts": "b8c8a457b71e9d7f29b9d2f87aad8dba2739cbe637e8926d6ba6e92567875f8e",
    "https://deno.land/std@0.171.0/fs/expand_glob.ts": "536055845aafc32de7e7a46c3b778a741825d5e2ed8580d9851a01ec7a5adf2e",
    "https://deno.land/std@0.171.0/fs/mod.ts": "bc3d0acd488cc7b42627044caf47d72019846d459279544e1934418955ba4898",
    "https://deno.land/std@0.171.0/fs/move.ts": "4cb47f880e3f0582c55e71c9f8b1e5e8cfaacb5e84f7390781dd563b7298ec19",
    "https://deno.land/std@0.171.0/fs/walk.ts": "ea95ffa6500c1eda6b365be488c056edc7c883a1db41ef46ec3bf057b1c0fe32",
    "https://deno.land/std@0.171.0/http/server.ts": "cbb17b594651215ba95c01a395700684e569c165a567e4e04bba327f41197433",
    "https://deno.land/std@0.171.0/media_types/_db.ts": "7606d83e31f23ce1a7968cbaee852810c2cf477903a095696cdc62eaab7ce570",
    "https://deno.land/std@0.171.0/media_types/_util.ts": "916efbd30b6148a716f110e67a4db29d6949bf4048997b754415dd7e42c52378",
    "https://deno.land/std@0.171.0/media_types/content_type.ts": "c682589a0aeb016bfed355cc1ed6fbb3ead2ea48fc0000ac5de6a5730613ad1c",
    "https://deno.land/std@0.171.0/media_types/extension.ts": "7a4ef2813d7182f724a941f38161525996e4a67abc3cf6a0f9bc2168d73a0f0e",
    "https://deno.land/std@0.171.0/media_types/extensions_by_type.ts": "4358023feac696e6e9d49c0f1e76a859f03ca254df57812f31f8536890c3a443",
    "https://deno.land/std@0.171.0/media_types/format_media_type.ts": "1e35e16562e5c417401ffc388a9f8f421f97f0ee06259cbe990c51bae4e6c7a8",
    "https://deno.land/std@0.171.0/media_types/get_charset.ts": "8be15a1fd31a545736b91ace56d0e4c66ea0d7b3fdc5c90760e8202e7b4b1fad",
    "https://deno.land/std@0.171.0/media_types/mod.ts": "d3f0b99f85053bc0b98ecc24eaa3546dfa09b856dc0bbaf60d8956d2cdd710c8",
    "https://deno.land/std@0.171.0/media_types/parse_media_type.ts": "bed260d868ea271445ae41d748e7afed9b5a7f407d2777ead08cecf73e9278de",
    "https://deno.land/std@0.171.0/media_types/type_by_extension.ts": "6076a7fc63181d70f92ec582fdea2c927eb2cfc7f9c9bee9d6add2aca86f2355",
    "https://deno.land/std@0.171.0/media_types/vendor/mime-db.v1.52.0.ts": "6925bbcae81ca37241e3f55908d0505724358cda3384eaea707773b2c7e99586",
    "https://deno.land/std@0.171.0/path/_constants.ts": "e49961f6f4f48039c0dfed3c3f93e963ca3d92791c9d478ac5b43183413136e0",
    "https://deno.land/std@0.171.0/path/_interface.ts": "6471159dfbbc357e03882c2266d21ef9afdb1e4aa771b0545e90db58a0ba314b",
    "https://deno.land/std@0.171.0/path/_util.ts": "86c2375a996c1931b2f2ac71fefd5ddf0cf0e579fa4ab12d3e4c552d4223b8d8",
    "https://deno.land/std@0.171.0/path/common.ts": "ee7505ab01fd22de3963b64e46cff31f40de34f9f8de1fff6a1bd2fe79380000",
    "https://deno.land/std@0.171.0/path/glob.ts": "d479e0a695621c94d3fd7fe7abd4f9499caf32a8de13f25073451c6ef420a4e1",
    "https://deno.land/std@0.171.0/path/mod.ts": "4b83694ac500d7d31b0cdafc927080a53dc0c3027eb2895790fb155082b0d232",
    "https://deno.land/std@0.171.0/path/posix.ts": "2ecc259e6f34013889b7638ff90339a82d8178f629155761ce6001e41af55a43",
    "https://deno.land/std@0.171.0/path/separator.ts": "0fb679739d0d1d7bf45b68dacfb4ec7563597a902edbaf3c59b50d5bcadd93b1",
    "https://deno.land/std@0.171.0/path/win32.ts": "99170a0eb0e2b1ce41499c1e86bb55320cb6606299ad947f57ee0a291cdb93d5",
    "https://deno.land/x/dnlibob@0.16.1/deps.ts": "8dc9b42e863b4aa4624d6e7901acf7ca5d666dc147b34731acc6a84727b16529",
    "https://deno.land/x/dnlibob@0.16.1/mod.ts": "c87affa46d6c4475e100ceaba189b63b13c1e8e3dc735ab26244015949858fa9",
    "https://deno.land/x/dnlibob@0.16.1/model/action/detail.ts": "8c8f738b85934d8f7711aa2add05646eb0e7cbd36a93deea1dd70d8527244ebd",
    "https://deno.land/x/dnlibob@0.16.1/model/action/mod.ts": "055bdf4b5e2a42227824688601c10674d54b94d5a8285c1a26123cfc77a0e2ce",
    "https://deno.land/x/dnlibob@0.16.1/model/event/detail.ts": "b83ac85c8f074bd8ae0510e16f9ce916531184e6889c8d2cf86c3b5ea91e3dd3",
    "https://deno.land/x/dnlibob@0.16.1/model/event/mod.ts": "3b5cdd733db1ea51b067ffe4af0c020f1a293c32416e1467ea63dd16b5e182c3",
    "https://deno.land/x/dnlibob@0.16.1/model/message/detail.ts": "e2def4d8808e6750810c15316f8bb74c305e391489ac9424757135f04725d402",
    "https://deno.land/x/dnlibob@0.16.1/model/message/mod.ts": "d8e2fdb3a74c067d18459583f3af5963003b81583f6968b58b7c33798c91a508",
    "https://deno.land/x/dnlibob@0.16.1/model/mod.ts": "9e0bfd8977b19ed6e3f09503636210ff04cbe9df0d8c042fbfd2becb20a985c1",
    "https://deno.land/x/dnlibob@0.16.1/model/resp/detail.ts": "2c6895ac7ffc912df647ed7d3fb0e7fab14caf9b5a519b788029b278a793773e",
    "https://deno.land/x/dnlibob@0.16.1/model/resp/mod.ts": "2a0193dbed620287d974595c8124d38fd4c6405cc8bec96fcb691d767e4cfc8c",
    "https://deno.land/x/dnlibob@0.16.1/model/share.ts": "0b127d0c08ab48f84aad25ed5d33826675fb304d4f8e72897995f2d9c24bdc65",
    "https://deno.land/x/dnlibob@0.16.1/obc/base.ts": "eb5ea2b3d133e63d9e433517576a6c7dec0997eb46a28ff77088538bf32bd2cd",
    "https://deno.land/x/dnlibob@0.16.1/obc/mod.ts": "594d4911554fac1572d1880080fad51e78c36ab02c5e93d1e991f97669be2600",
    "https://deno.land/x/dnlibob@0.16.1/obc/ws.ts": "960f467a976fd055951d09c20fe3ba5033a18d45689f5facc0eaa83f6d97e2a3",
    "https://deno.land/x/msgpackr@v1.8.0/index.d.ts": "500c18e9aa3c46ac806cc69b5c836f1b7d075d0fc990d6a3653fa16cded2078e",
    "https://deno.land/x/msgpackr@v1.8.0/index.js": "876a1a157bf214a09c3553a9bf2bfcd59ea5ba6cfaca86923d459c053c991643",
    "https://deno.land/x/msgpackr@v1.8.0/iterators.js": "ccff09b665e3aef7fd707883eec63241aa100ec7c1956d6f9fc4c902779525fd",
    "https://deno.land/x/msgpackr@v1.8.0/pack.js": "29c4fb8cde3e6250285dba5b3a1155b761ecb2c9b79ed800ccc1c7856a792f9b",
    "https://deno.land/x/msgpackr@v1.8.0/unpack.js": "1837a09217d36ad5a65dd0cad0e1d459aaca39d198b678c71b5857ccaa0fe11f",
    "https://deno.land/x/reggol_deno@1.3.3/mod.ts": "8f15b19300e2672744dd908ca0279c004b4c21eadf4b3693cf8cfc75f348c1ae"
  },
  "npm": {
    "specifiers": {
      "cosmokit@^1.3.6": "cosmokit@1.4.0",
      "cosmokit@^1.4.0": "cosmokit@1.4.0",
      "spcolor@^1.0.4": "spcolor@1.0.4"
    },
    "packages": {
      "cosmokit@1.4.0": {
        "integrity": "sha512-9Y5epwkPxnWDSjweuWoFATY8GKg9N1/r/3wL32Cjs7FIvo0S9syyY39xmNKq7+SZjbw+9bZUSbeQSbJaqufV3Q==",
        "dependencies": {}
      },
      "spcolor@1.0.4": {
        "integrity": "sha512-xQAH295v5fEhyBUTvSetoaJ2dMYsDgrUkhQiPjuT7k9h1qxEQP4//r88a/xPuohHUu/fsOZqf78AhoQDogZ5Ow==",
        "dependencies": {}
      }
    }
  }
}
