{
  "version": "2",
  "remote": {
    "https://cdn.jsdelivr.net/npm/@msgpack/msgpack@2.8.0/dist.es5+esm/CachedKeyDecoder.mjs": "e992b5af6c03e9c70573ca96ae1be1ff97fd601809c7fe3704447a547233994f",
    "https://cdn.jsdelivr.net/npm/@msgpack/msgpack@2.8.0/dist.es5+esm/DecodeError.mjs": "bc64d4227acef1233001f44a30b6df186fbbdb466e9d3f5587380e5157375bc8",
    "https://cdn.jsdelivr.net/npm/@msgpack/msgpack@2.8.0/dist.es5+esm/Decoder.mjs": "064e096ef86863601d3133376f5738cb85db913888b20ab2f2455699b312365d",
    "https://cdn.jsdelivr.net/npm/@msgpack/msgpack@2.8.0/dist.es5+esm/Encoder.mjs": "ddb16645b922a4184ac0fe6db73d6f9edf53d1a8f18e1341857f6f8aa67e281b",
    "https://cdn.jsdelivr.net/npm/@msgpack/msgpack@2.8.0/dist.es5+esm/ExtData.mjs": "bf0ea75d7fce72e0da32b6b6f9d9bd4560cdb10c331ff76e8297eea6234b69f1",
    "https://cdn.jsdelivr.net/npm/@msgpack/msgpack@2.8.0/dist.es5+esm/ExtensionCodec.mjs": "017575ae545bf1930969a4557d200d800592d92bc753458b3bb58887166cd6cb",
    "https://cdn.jsdelivr.net/npm/@msgpack/msgpack@2.8.0/dist.es5+esm/decode.mjs": "026b841625cceb40ed0b137239323b0beb225e40c721c32844ed8061ba45a9ed",
    "https://cdn.jsdelivr.net/npm/@msgpack/msgpack@2.8.0/dist.es5+esm/decodeAsync.mjs": "7a6b98337d11d7ee22e89d883a63e9697a529762e5f7b8cf2244754ab4481cf8",
    "https://cdn.jsdelivr.net/npm/@msgpack/msgpack@2.8.0/dist.es5+esm/encode.mjs": "0957d74ef8b8a098040fe41a6f3367cb25e2e84732580bb8d7ee2f9d32adde42",
    "https://cdn.jsdelivr.net/npm/@msgpack/msgpack@2.8.0/dist.es5+esm/index.mjs": "0ac91a24bd7872b5b2b04fc32fc904f2a262f830240fa672495fae166dd142fa",
    "https://cdn.jsdelivr.net/npm/@msgpack/msgpack@2.8.0/dist.es5+esm/timestamp.mjs": "777001c8571319ee050c0668d5b59e8cb609fb0c251267cc69307a04a01f06e2",
    "https://cdn.jsdelivr.net/npm/@msgpack/msgpack@2.8.0/dist.es5+esm/utils/int.mjs": "7e427a3cd8a9fe746f5c0a4df4cc2d8d1b0e451e4221d30e71d71cf67e365a2d",
    "https://cdn.jsdelivr.net/npm/@msgpack/msgpack@2.8.0/dist.es5+esm/utils/prettyByte.mjs": "1d32e0fd0224f65a0be0ddcbfa20a28d6054774abed60ee277bbb765df442741",
    "https://cdn.jsdelivr.net/npm/@msgpack/msgpack@2.8.0/dist.es5+esm/utils/stream.mjs": "ddf9f28570b9de657a6b6ba4196bcbefc3baf0428af9ab7093df04a6fb084c03",
    "https://cdn.jsdelivr.net/npm/@msgpack/msgpack@2.8.0/dist.es5+esm/utils/typedArrays.mjs": "c7752409964c84c33d858118d7e945fe613aaf79ab4193c11bd5fdb991118e72",
    "https://cdn.jsdelivr.net/npm/@msgpack/msgpack@2.8.0/dist.es5+esm/utils/utf8.mjs": "5c2d5f0e4c4c10f4a973be26ae518f6693a24b263aecc43b29f03cdae43fe116",
    "https://cdn.jsdelivr.net/npm/@msgpack/msgpack@2.8.0/mod.ts": "23f286a8b98df88fcb97f7d0d87c67218ccffa33fcb1ff0926d68f7cc9c22731",
    "https://cdn.skypack.dev/-/cosmokit@v1.3.3-LFBi7QRkVpqsIkYgsPAk/dist=es2019,mode=imports/optimized/cosmokit.js": "fecde9bab48718bacac3b246d0383a09ccb407f19b72deb0555a1a90a18e6a04",
    "https://cdn.skypack.dev/-/cosmokit@v1.3.3-LFBi7QRkVpqsIkYgsPAk/dist=es2019,mode=types/lib/index.d.ts": "45a74b418643019aa0200d149f2ea82e63ee2074a6c9f85120c23451ef07ec59",
    "https://cdn.skypack.dev/cosmokit@^1.3.3?dts": "9bb6fe872a2d451c4c0944e5016bcec3ad018788fe1c4cb9057cdbb594ff6c80",
    "https://deno.land/std@0.163.0/_util/assert.ts": "e94f2eb37cebd7f199952e242c77654e43333c1ac4c5c700e929ea3aa5489f74",
    "https://deno.land/std@0.163.0/_util/os.ts": "8a33345f74990e627b9dfe2de9b040004b08ea5146c7c9e8fe9a29070d193934",
    "https://deno.land/std@0.163.0/async/abortable.ts": "87aa7230be8360c24ad437212311c9e8d4328854baec27b4c7abb26e85515c06",
    "https://deno.land/std@0.163.0/async/deadline.ts": "48ac998d7564969f3e6ec6b6f9bf0217ebd00239b1b2292feba61272d5dd58d0",
    "https://deno.land/std@0.163.0/async/debounce.ts": "dc8b92d4a4fe7eac32c924f2b8d3e62112530db70cadce27042689d82970b350",
    "https://deno.land/std@0.163.0/async/deferred.ts": "d8fb253ffde2a056e4889ef7e90f3928f28be9f9294b6505773d33f136aab4e6",
    "https://deno.land/std@0.163.0/async/delay.ts": "0419dfc993752849692d1f9647edf13407c7facc3509b099381be99ffbc9d699",
    "https://deno.land/std@0.163.0/async/mod.ts": "dd0a8ed4f3984ffabe2fcca7c9f466b7932d57b1864ffee148a5d5388316db6b",
    "https://deno.land/std@0.163.0/async/mux_async_iterator.ts": "3447b28a2a582224a3d4d3596bccbba6e85040da3b97ed64012f7decce98d093",
    "https://deno.land/std@0.163.0/async/pool.ts": "ef9eb97b388543acbf0ac32647121e4dbe629236899586c4d4311a8770fbb239",
    "https://deno.land/std@0.163.0/async/tee.ts": "9af3a3e7612af75861308b52249e167f5ebc3dcfc8a1a4d45462d96606ee2b70",
    "https://deno.land/std@0.163.0/encoding/base64.ts": "c57868ca7fa2fbe919f57f88a623ad34e3d970d675bdc1ff3a9d02bba7409db2",
    "https://deno.land/std@0.163.0/fs/_util.ts": "fdc156f897197f261a1c096dcf8ff9267ed0ff42bd5b31f55053a4763a4bae3b",
    "https://deno.land/std@0.163.0/fs/copy.ts": "73bdf24f4322648d9bc38ef983b818637ba368351d17aa03644209d3ce3eac31",
    "https://deno.land/std@0.163.0/fs/empty_dir.ts": "c15a0aaaf40f8c21cca902aa1e01a789ad0c2fd1b7e2eecf4957053c5dbf707f",
    "https://deno.land/std@0.163.0/fs/ensure_dir.ts": "76395fc1c989ca8d2de3aedfa8240eb8f5225cde20f926de957995b063135b80",
    "https://deno.land/std@0.163.0/fs/ensure_file.ts": "b8e32ea63aa21221d0219760ba3f741f682d7f7d68d0d24a3ec067c338568152",
    "https://deno.land/std@0.163.0/fs/ensure_link.ts": "5cc1c04f18487d7d1edf4c5469705f30b61390ffd24ad7db6df85e7209b32bb2",
    "https://deno.land/std@0.163.0/fs/ensure_symlink.ts": "5273557b8c50be69477aa9cb003b54ff2240a336db52a40851c97abce76b96ab",
    "https://deno.land/std@0.163.0/fs/eol.ts": "65b1e27320c3eec6fb653b27e20056ee3d015d3e91db388cfefa41616ebc7cb3",
    "https://deno.land/std@0.163.0/fs/exists.ts": "6a447912e49eb79cc640adacfbf4b0baf8e17ede6d5bed057062ce33c4fa0d68",
    "https://deno.land/std@0.163.0/fs/expand_glob.ts": "d3f62aefc7718d878904d60d91e8e6dbbf86c696d32b6cbbc333637acf7f8571",
    "https://deno.land/std@0.163.0/fs/mod.ts": "354a6f972ef4e00c4dd1f1339a8828ef0764c1c23d3c0010af3fcc025d8655b0",
    "https://deno.land/std@0.163.0/fs/move.ts": "6d7fa9da60dbc7a32dd7fdbc2ff812b745861213c8e92ba96dace0669b0c378c",
    "https://deno.land/std@0.163.0/fs/walk.ts": "f420c9f6187bc21c9db1260fddae85da930e17853225c51acb6331a341b79667",
    "https://deno.land/std@0.163.0/http/server.ts": "e99c1bee8a3f6571ee4cdeb2966efad465b8f6fe62bec1bdb59c1f007cc4d155",
    "https://deno.land/std@0.163.0/media_types/_util.ts": "ce9b4fc4ba1c447dafab619055e20fd88236ca6bdd7834a21f98bd193c3fbfa1",
    "https://deno.land/std@0.163.0/media_types/mod.ts": "74885352135624774b8cd164f3a9d866aac1e0dc3ccb5412e2a2d56ed4b1fc99",
    "https://deno.land/std@0.163.0/media_types/vendor/mime-db.v1.52.0.ts": "724cee25fa40f1a52d3937d6b4fbbfdd7791ff55e1b7ac08d9319d5632c7f5af",
    "https://deno.land/std@0.163.0/path/_constants.ts": "df1db3ffa6dd6d1252cc9617e5d72165cd2483df90e93833e13580687b6083c3",
    "https://deno.land/std@0.163.0/path/_interface.ts": "ee3b431a336b80cf445441109d089b70d87d5e248f4f90ff906820889ecf8d09",
    "https://deno.land/std@0.163.0/path/_util.ts": "d16be2a16e1204b65f9d0dfc54a9bc472cafe5f4a190b3c8471ec2016ccd1677",
    "https://deno.land/std@0.163.0/path/common.ts": "bee563630abd2d97f99d83c96c2fa0cca7cee103e8cb4e7699ec4d5db7bd2633",
    "https://deno.land/std@0.163.0/path/glob.ts": "cb5255638de1048973c3e69e420c77dc04f75755524cb3b2e160fe9277d939ee",
    "https://deno.land/std@0.163.0/path/mod.ts": "56fec03ad0ebd61b6ab39ddb9b0ddb4c4a5c9f2f4f632e09dd37ec9ebfd722ac",
    "https://deno.land/std@0.163.0/path/posix.ts": "6b63de7097e68c8663c84ccedc0fd977656eb134432d818ecd3a4e122638ac24",
    "https://deno.land/std@0.163.0/path/separator.ts": "fe1816cb765a8068afb3e8f13ad272351c85cbc739af56dacfc7d93d710fe0f9",
    "https://deno.land/std@0.163.0/path/win32.ts": "ee8826dce087d31c5c81cd414714e677eb68febc40308de87a2ce4b40e10fb8d",
    "https://deno.land/x/dnlibob@0.9.1/deps.ts": "606ac8ae0c70b18ebe89b8e0b219221a78e2ebcd3ccccb400e7be0a31f6a2a0d",
    "https://deno.land/x/dnlibob@0.9.1/mod.ts": "d6cad0d5222e2ba2fbd31e40edb257f9ba63c1fd68c892b04d0a0f56e59393fd",
    "https://deno.land/x/dnlibob@0.9.1/model/action/detail.ts": "5b0aa4c55661fe274d514379c1bbb5096f7d34974b86cffb87a724a71617df38",
    "https://deno.land/x/dnlibob@0.9.1/model/action/mod.ts": "055bdf4b5e2a42227824688601c10674d54b94d5a8285c1a26123cfc77a0e2ce",
    "https://deno.land/x/dnlibob@0.9.1/model/event/detail.ts": "36fb223a972c21a909408a77ffdf46ef1b545bf357c6d6905dad902424930345",
    "https://deno.land/x/dnlibob@0.9.1/model/event/mod.ts": "547b78977ed6b605c7d508c8b676f7af52c42647487510b5ffae98b8f2e59e49",
    "https://deno.land/x/dnlibob@0.9.1/model/message/detail.ts": "8ba3b8df887cfad0ae6711f7404c502020c200cccb3ee0b0e6566656ce35eeaa",
    "https://deno.land/x/dnlibob@0.9.1/model/message/mod.ts": "c6a546490d0db7717172914051825510b1c68d867299ad35b6c3af4d7895dc5c",
    "https://deno.land/x/dnlibob@0.9.1/model/mod.ts": "216dfdad06c6f130fdc9746cede904945791309fc95c17dd2bbbc2639b9abfc4",
    "https://deno.land/x/dnlibob@0.9.1/model/resp/detail.ts": "7d34a89730b506eae1f138d78e3de54c1ed0d0c19abd9045b819ab0ae476567e",
    "https://deno.land/x/dnlibob@0.9.1/model/resp/mod.ts": "e0c6fbabb46d62014516d1915782bdc9552a13c74d3d7e0bf08850472b93b8c8",
    "https://deno.land/x/dnlibob@0.9.1/model/types.ts": "4b20c76d7e29afaaab45d4852a210cef71b9e5d84d2514bdd36332a3181ad2d4",
    "https://deno.land/x/dnlibob@0.9.1/obc/mod.ts": "594d4911554fac1572d1880080fad51e78c36ab02c5e93d1e991f97669be2600",
    "https://deno.land/x/dnlibob@0.9.1/obc/ws.ts": "b968836f0fc7fe6684af784faefa7cc6d153b9d0f97dc4e2f5d261b1cd488b35",
    "https://deno.land/x/reggol_deno@1.3.1/mod.ts": "a7faa10d212360370cb6f979c3678ac243c64c77eba6397e2eb9f62a45d7adea"
  }
}
